lockfileVersion: '9.0'

settings:
  autoInstallPeers: true
  excludeLinksFromLockfile: false

importers:

  .:
    devDependencies:
      pocketbase-jsvm:
        specifier: ^0.25.10001
        version: 0.25.10001

packages:

  pocketbase-jsvm@0.25.10001:
    resolution: {integrity: sha512-F8Jss51uzp4C6nHcR5PxmscXtKbrWJjqDF/u7cHIh2amnUILnfY/JD5tTzYoqn3rDe1CIrQOaalDzAZ3gdMz9w==}

snapshots:

  pocketbase-jsvm@0.25.10001: {}
